
Microsoft Visual Studio Solution File, Format Version 12.00
# Visual Studio Version 17
VisualStudioVersion = 17.9.34526.213
MinimumVisualStudioVersion = 10.0.40219.1
Project("{9A19103F-16F7-4668-BE54-9A1E7A4F7556}") = "Benchmark_Hashing", "Benchmark\Benchmark_Hashing.csproj", "{794E5199-43B2-4F22-ABCC-C4CC60AAB7F5}"
EndProject
Project("{9A19103F-16F7-4668-BE54-9A1E7A4F7556}") = "Test_Hashing", "Tests\Test_Hashing\Test_Hashing.csproj", "{72CC247C-1647-4E0A-A93A-B7F2A01E9996}"
EndProject
Project("{9A19103F-16F7-4668-BE54-9A1E7A4F7556}") = "Torture_Hashing", "Tests\Torture_Hashing\Torture_Hashing.csproj", "{DFD68B27-5D89-499F-9AD8-1E9EDE654EA6}"
EndProject
Project("{9A19103F-16F7-4668-BE54-9A1E7A4F7556}") = "Test_HMAC", "Tests\Test_HMAC\Test_HMAC.csproj", "{07AF92CA-4BFA-4353-94C3-4D4859C3A124}"
EndProject
Project("{9A19103F-16F7-4668-BE54-9A1E7A4F7556}") = "Test_PBKDF2", "Tests\Test_PBKDF2\Test_PBKDF2.csproj", "{2FDEB0FA-6E07-4F12-A6BC-829703928391}"
EndProject
Project("{9A19103F-16F7-4668-BE54-9A1E7A4F7556}") = "Test_SECP256K1", "Tests\Test_SECP256K1\Test_SECP256K1.csproj", "{FA0A233E-B9C7-467B-A780-024EEC5DB2ED}"
EndProject
Project("{2150E333-8FDC-42A3-9474-1A3956D46DE8}") = "Элементы решения", "Элементы решения", "{5EC058C3-B148-47AE-87E2-BC43D4D86569}"
	ProjectSection(SolutionItems) = preProject
		.editorconfig = .editorconfig
	EndProjectSection
EndProject
Project("{9A19103F-16F7-4668-BE54-9A1E7A4F7556}") = "Test_Base58", "Tests\Test_Base58\Test_Base58.csproj", "{A9B757C8-F76F-4C0C-AB7C-37738A44451A}"
EndProject
Project("{9A19103F-16F7-4668-BE54-9A1E7A4F7556}") = "Test_Bech32", "Tests\Test_Bech32\Test_Bech32.csproj", "{B6634E0F-EF60-46E3-9357-88E4C0141DA3}"
EndProject
Project("{9A19103F-16F7-4668-BE54-9A1E7A4F7556}") = "Test_Shamir", "Tests\Test_Shamir\Test_Shamir.csproj", "{19C80889-A5DE-4D32-B9B5-57C8DD7DD745}"
EndProject
Project("{FAE04EC0-301F-11D3-BF4B-00C04F79EFBC}") = "Test_AES", "Tests\Test_AES\Test_AES.csproj", "{263CC7E7-C73D-43AC-A885-34B40BE83307}"
EndProject
Project("{FAE04EC0-301F-11D3-BF4B-00C04F79EFBC}") = "ShamirUtil", "ShamirUtil\ShamirUtil.csproj", "{64306AF5-FA55-4B31-A920-DBCE52F4D8B1}"
EndProject
Project("{FAE04EC0-301F-11D3-BF4B-00C04F79EFBC}") = "Hashing", "Hashing\Hashing.csproj", "{61D80317-5A16-4724-A237-081B56B5F86D}"
EndProject
Project("{FAE04EC0-301F-11D3-BF4B-00C04F79EFBC}") = "Elliptic", "Elliptic\Elliptic.csproj", "{53B4007B-8DDE-42DB-9275-B559D03260C2}"
EndProject
Project("{FAE04EC0-301F-11D3-BF4B-00C04F79EFBC}") = "PBKDF2", "PBKDF2\PBKDF2.csproj", "{D6E04735-3B4D-47BD-9294-4BB5372C8120}"
EndProject
Project("{FAE04EC0-301F-11D3-BF4B-00C04F79EFBC}") = "Shamir", "Symmetric\Shamir\Shamir.csproj", "{1E6666F5-7BC3-43D4-A81F-EBB5B78C47D4}"
EndProject
Project("{FAE04EC0-301F-11D3-BF4B-00C04F79EFBC}") = "AES", "Symmetric\AES\AES.csproj", "{676F9B3F-75FC-4942-AC6B-F7C9A2FF1884}"
EndProject
Project("{2150E333-8FDC-42A3-9474-1A3956D46DE8}") = "Tests", "Tests", "{44C9E898-F73D-4C13-8A79-C6714A3B986C}"
EndProject
Project("{2150E333-8FDC-42A3-9474-1A3956D46DE8}") = "Benchmarks", "Benchmarks", "{CDA1E192-C830-49DD-9DAC-0E71E684168A}"
EndProject
Project("{FAE04EC0-301F-11D3-BF4B-00C04F79EFBC}") = "Encoders", "Encoders\Encoders.csproj", "{FD581BE4-0CDA-44C2-AFB2-F2716B209561}"
EndProject
Project("{2150E333-8FDC-42A3-9474-1A3956D46DE8}") = "Symmetric", "Symmetric", "{37DD59F6-37BD-4950-AF55-FFE19A16DEF7}"
EndProject
Global
	GlobalSection(SolutionConfigurationPlatforms) = preSolution
		Debug|Any CPU = Debug|Any CPU
		Release|Any CPU = Release|Any CPU
	EndGlobalSection
	GlobalSection(ProjectConfigurationPlatforms) = postSolution
		{794E5199-43B2-4F22-ABCC-C4CC60AAB7F5}.Debug|Any CPU.ActiveCfg = Debug|Any CPU
		{794E5199-43B2-4F22-ABCC-C4CC60AAB7F5}.Debug|Any CPU.Build.0 = Debug|Any CPU
		{794E5199-43B2-4F22-ABCC-C4CC60AAB7F5}.Release|Any CPU.ActiveCfg = Release|Any CPU
		{794E5199-43B2-4F22-ABCC-C4CC60AAB7F5}.Release|Any CPU.Build.0 = Release|Any CPU
		{72CC247C-1647-4E0A-A93A-B7F2A01E9996}.Debug|Any CPU.ActiveCfg = Debug|Any CPU
		{72CC247C-1647-4E0A-A93A-B7F2A01E9996}.Debug|Any CPU.Build.0 = Debug|Any CPU
		{72CC247C-1647-4E0A-A93A-B7F2A01E9996}.Release|Any CPU.ActiveCfg = Release|Any CPU
		{72CC247C-1647-4E0A-A93A-B7F2A01E9996}.Release|Any CPU.Build.0 = Release|Any CPU
		{DFD68B27-5D89-499F-9AD8-1E9EDE654EA6}.Debug|Any CPU.ActiveCfg = Debug|Any CPU
		{DFD68B27-5D89-499F-9AD8-1E9EDE654EA6}.Debug|Any CPU.Build.0 = Debug|Any CPU
		{DFD68B27-5D89-499F-9AD8-1E9EDE654EA6}.Release|Any CPU.ActiveCfg = Release|Any CPU
		{DFD68B27-5D89-499F-9AD8-1E9EDE654EA6}.Release|Any CPU.Build.0 = Release|Any CPU
		{07AF92CA-4BFA-4353-94C3-4D4859C3A124}.Debug|Any CPU.ActiveCfg = Debug|Any CPU
		{07AF92CA-4BFA-4353-94C3-4D4859C3A124}.Debug|Any CPU.Build.0 = Debug|Any CPU
		{07AF92CA-4BFA-4353-94C3-4D4859C3A124}.Release|Any CPU.ActiveCfg = Release|Any CPU
		{07AF92CA-4BFA-4353-94C3-4D4859C3A124}.Release|Any CPU.Build.0 = Release|Any CPU
		{2FDEB0FA-6E07-4F12-A6BC-829703928391}.Debug|Any CPU.ActiveCfg = Debug|Any CPU
		{2FDEB0FA-6E07-4F12-A6BC-829703928391}.Debug|Any CPU.Build.0 = Debug|Any CPU
		{2FDEB0FA-6E07-4F12-A6BC-829703928391}.Release|Any CPU.ActiveCfg = Release|Any CPU
		{2FDEB0FA-6E07-4F12-A6BC-829703928391}.Release|Any CPU.Build.0 = Release|Any CPU
		{FA0A233E-B9C7-467B-A780-024EEC5DB2ED}.Debug|Any CPU.ActiveCfg = Debug|Any CPU
		{FA0A233E-B9C7-467B-A780-024EEC5DB2ED}.Debug|Any CPU.Build.0 = Debug|Any CPU
		{FA0A233E-B9C7-467B-A780-024EEC5DB2ED}.Release|Any CPU.ActiveCfg = Release|Any CPU
		{FA0A233E-B9C7-467B-A780-024EEC5DB2ED}.Release|Any CPU.Build.0 = Release|Any CPU
		{A9B757C8-F76F-4C0C-AB7C-37738A44451A}.Debug|Any CPU.ActiveCfg = Debug|Any CPU
		{A9B757C8-F76F-4C0C-AB7C-37738A44451A}.Debug|Any CPU.Build.0 = Debug|Any CPU
		{A9B757C8-F76F-4C0C-AB7C-37738A44451A}.Release|Any CPU.ActiveCfg = Release|Any CPU
		{A9B757C8-F76F-4C0C-AB7C-37738A44451A}.Release|Any CPU.Build.0 = Release|Any CPU
		{B6634E0F-EF60-46E3-9357-88E4C0141DA3}.Debug|Any CPU.ActiveCfg = Debug|Any CPU
		{B6634E0F-EF60-46E3-9357-88E4C0141DA3}.Debug|Any CPU.Build.0 = Debug|Any CPU
		{B6634E0F-EF60-46E3-9357-88E4C0141DA3}.Release|Any CPU.ActiveCfg = Release|Any CPU
		{B6634E0F-EF60-46E3-9357-88E4C0141DA3}.Release|Any CPU.Build.0 = Release|Any CPU
		{19C80889-A5DE-4D32-B9B5-57C8DD7DD745}.Debug|Any CPU.ActiveCfg = Debug|Any CPU
		{19C80889-A5DE-4D32-B9B5-57C8DD7DD745}.Debug|Any CPU.Build.0 = Debug|Any CPU
		{19C80889-A5DE-4D32-B9B5-57C8DD7DD745}.Release|Any CPU.ActiveCfg = Release|Any CPU
		{19C80889-A5DE-4D32-B9B5-57C8DD7DD745}.Release|Any CPU.Build.0 = Release|Any CPU
		{263CC7E7-C73D-43AC-A885-34B40BE83307}.Debug|Any CPU.ActiveCfg = Debug|Any CPU
		{263CC7E7-C73D-43AC-A885-34B40BE83307}.Debug|Any CPU.Build.0 = Debug|Any CPU
		{263CC7E7-C73D-43AC-A885-34B40BE83307}.Release|Any CPU.ActiveCfg = Release|Any CPU
		{263CC7E7-C73D-43AC-A885-34B40BE83307}.Release|Any CPU.Build.0 = Release|Any CPU
		{64306AF5-FA55-4B31-A920-DBCE52F4D8B1}.Debug|Any CPU.ActiveCfg = Debug|Any CPU
		{64306AF5-FA55-4B31-A920-DBCE52F4D8B1}.Debug|Any CPU.Build.0 = Debug|Any CPU
		{64306AF5-FA55-4B31-A920-DBCE52F4D8B1}.Release|Any CPU.ActiveCfg = Release|Any CPU
		{64306AF5-FA55-4B31-A920-DBCE52F4D8B1}.Release|Any CPU.Build.0 = Release|Any CPU
		{61D80317-5A16-4724-A237-081B56B5F86D}.Debug|Any CPU.ActiveCfg = Debug|Any CPU
		{61D80317-5A16-4724-A237-081B56B5F86D}.Debug|Any CPU.Build.0 = Debug|Any CPU
		{61D80317-5A16-4724-A237-081B56B5F86D}.Release|Any CPU.ActiveCfg = Release|Any CPU
		{61D80317-5A16-4724-A237-081B56B5F86D}.Release|Any CPU.Build.0 = Release|Any CPU
		{53B4007B-8DDE-42DB-9275-B559D03260C2}.Debug|Any CPU.ActiveCfg = Debug|Any CPU
		{53B4007B-8DDE-42DB-9275-B559D03260C2}.Debug|Any CPU.Build.0 = Debug|Any CPU
		{53B4007B-8DDE-42DB-9275-B559D03260C2}.Release|Any CPU.ActiveCfg = Release|Any CPU
		{53B4007B-8DDE-42DB-9275-B559D03260C2}.Release|Any CPU.Build.0 = Release|Any CPU
		{D6E04735-3B4D-47BD-9294-4BB5372C8120}.Debug|Any CPU.ActiveCfg = Debug|Any CPU
		{D6E04735-3B4D-47BD-9294-4BB5372C8120}.Debug|Any CPU.Build.0 = Debug|Any CPU
		{D6E04735-3B4D-47BD-9294-4BB5372C8120}.Release|Any CPU.ActiveCfg = Release|Any CPU
		{D6E04735-3B4D-47BD-9294-4BB5372C8120}.Release|Any CPU.Build.0 = Release|Any CPU
		{1E6666F5-7BC3-43D4-A81F-EBB5B78C47D4}.Debug|Any CPU.ActiveCfg = Debug|Any CPU
		{1E6666F5-7BC3-43D4-A81F-EBB5B78C47D4}.Debug|Any CPU.Build.0 = Debug|Any CPU
		{1E6666F5-7BC3-43D4-A81F-EBB5B78C47D4}.Release|Any CPU.ActiveCfg = Release|Any CPU
		{1E6666F5-7BC3-43D4-A81F-EBB5B78C47D4}.Release|Any CPU.Build.0 = Release|Any CPU
		{676F9B3F-75FC-4942-AC6B-F7C9A2FF1884}.Debug|Any CPU.ActiveCfg = Debug|Any CPU
		{676F9B3F-75FC-4942-AC6B-F7C9A2FF1884}.Debug|Any CPU.Build.0 = Debug|Any CPU
		{676F9B3F-75FC-4942-AC6B-F7C9A2FF1884}.Release|Any CPU.ActiveCfg = Release|Any CPU
		{676F9B3F-75FC-4942-AC6B-F7C9A2FF1884}.Release|Any CPU.Build.0 = Release|Any CPU
		{FD581BE4-0CDA-44C2-AFB2-F2716B209561}.Debug|Any CPU.ActiveCfg = Debug|Any CPU
		{FD581BE4-0CDA-44C2-AFB2-F2716B209561}.Debug|Any CPU.Build.0 = Debug|Any CPU
		{FD581BE4-0CDA-44C2-AFB2-F2716B209561}.Release|Any CPU.ActiveCfg = Release|Any CPU
		{FD581BE4-0CDA-44C2-AFB2-F2716B209561}.Release|Any CPU.Build.0 = Release|Any CPU
	EndGlobalSection
	GlobalSection(SolutionProperties) = preSolution
		HideSolutionNode = FALSE
	EndGlobalSection
	GlobalSection(ExtensibilityGlobals) = postSolution
		SolutionGuid = {94868E88-43BF-45C8-A763-4EAABE13E736}
	EndGlobalSection
	GlobalSection(MonoDevelopProperties) = preSolution
		Policies = $0
		$0.DotNetNamingPolicy = $1
		$1.DirectoryNamespaceAssociation = PrefixedHierarchical
	EndGlobalSection
	GlobalSection(NestedProjects) = preSolution
		{72CC247C-1647-4E0A-A93A-B7F2A01E9996} = {44C9E898-F73D-4C13-8A79-C6714A3B986C}
		{263CC7E7-C73D-43AC-A885-34B40BE83307} = {44C9E898-F73D-4C13-8A79-C6714A3B986C}
		{A9B757C8-F76F-4C0C-AB7C-37738A44451A} = {44C9E898-F73D-4C13-8A79-C6714A3B986C}
		{B6634E0F-EF60-46E3-9357-88E4C0141DA3} = {44C9E898-F73D-4C13-8A79-C6714A3B986C}
		{07AF92CA-4BFA-4353-94C3-4D4859C3A124} = {44C9E898-F73D-4C13-8A79-C6714A3B986C}
		{2FDEB0FA-6E07-4F12-A6BC-829703928391} = {44C9E898-F73D-4C13-8A79-C6714A3B986C}
		{FA0A233E-B9C7-467B-A780-024EEC5DB2ED} = {44C9E898-F73D-4C13-8A79-C6714A3B986C}
		{19C80889-A5DE-4D32-B9B5-57C8DD7DD745} = {44C9E898-F73D-4C13-8A79-C6714A3B986C}
		{DFD68B27-5D89-499F-9AD8-1E9EDE654EA6} = {44C9E898-F73D-4C13-8A79-C6714A3B986C}
		{794E5199-43B2-4F22-ABCC-C4CC60AAB7F5} = {CDA1E192-C830-49DD-9DAC-0E71E684168A}
		{676F9B3F-75FC-4942-AC6B-F7C9A2FF1884} = {37DD59F6-37BD-4950-AF55-FFE19A16DEF7}
		{1E6666F5-7BC3-43D4-A81F-EBB5B78C47D4} = {37DD59F6-37BD-4950-AF55-FFE19A16DEF7}
	EndGlobalSection
EndGlobal
