
Microsoft Visual Studio Solution File, Format Version 12.00
# Visual Studio Version 16
VisualStudioVersion = 25.0.1706.9
MinimumVisualStudioVersion = 10.0.40219.1
Project("{FAE04EC0-301F-11D3-BF4B-00C04F79EFBC}") = "Wheel", "Wheel\Wheel.csproj", "{1E9F90CA-A8C0-41EF-BB3D-8D02CDE4CDC1}"
EndProject
Project("{FAE04EC0-301F-11D3-BF4B-00C04F79EFBC}") = "Benchmark", "Benchmark\Benchmark.csproj", "{794E5199-43B2-4F22-ABCC-C4CC60AAB7F5}"
EndProject
Project("{FAE04EC0-301F-11D3-BF4B-00C04F79EFBC}") = "Test", "Test\Test.csproj", "{72CC247C-1647-4E0A-A93A-B7F2A01E9996}"
EndProject
Project("{FAE04EC0-301F-11D3-BF4B-00C04F79EFBC}") = "Torture", "Torture\Torture.csproj", "{DFD68B27-5D89-499F-9AD8-1E9EDE654EA6}"
EndProject
Global
	GlobalSection(SolutionConfigurationPlatforms) = preSolution
		Debug|Any CPU = Debug|Any CPU
		Release|Any CPU = Release|Any CPU
	EndGlobalSection
	GlobalSection(ProjectConfigurationPlatforms) = postSolution
		{1E9F90CA-A8C0-41EF-BB3D-8D02CDE4CDC1}.Debug|Any CPU.ActiveCfg = Debug|Any CPU
		{1E9F90CA-A8C0-41EF-BB3D-8D02CDE4CDC1}.Debug|Any CPU.Build.0 = Debug|Any CPU
		{1E9F90CA-A8C0-41EF-BB3D-8D02CDE4CDC1}.Release|Any CPU.ActiveCfg = Release|Any CPU
		{1E9F90CA-A8C0-41EF-BB3D-8D02CDE4CDC1}.Release|Any CPU.Build.0 = Release|Any CPU
		{794E5199-43B2-4F22-ABCC-C4CC60AAB7F5}.Debug|Any CPU.ActiveCfg = Debug|Any CPU
		{794E5199-43B2-4F22-ABCC-C4CC60AAB7F5}.Debug|Any CPU.Build.0 = Debug|Any CPU
		{794E5199-43B2-4F22-ABCC-C4CC60AAB7F5}.Release|Any CPU.ActiveCfg = Release|Any CPU
		{794E5199-43B2-4F22-ABCC-C4CC60AAB7F5}.Release|Any CPU.Build.0 = Release|Any CPU
		{72CC247C-1647-4E0A-A93A-B7F2A01E9996}.Debug|Any CPU.ActiveCfg = Debug|Any CPU
		{72CC247C-1647-4E0A-A93A-B7F2A01E9996}.Debug|Any CPU.Build.0 = Debug|Any CPU
		{72CC247C-1647-4E0A-A93A-B7F2A01E9996}.Release|Any CPU.ActiveCfg = Release|Any CPU
		{72CC247C-1647-4E0A-A93A-B7F2A01E9996}.Release|Any CPU.Build.0 = Release|Any CPU
		{DFD68B27-5D89-499F-9AD8-1E9EDE654EA6}.Debug|Any CPU.ActiveCfg = Debug|Any CPU
		{DFD68B27-5D89-499F-9AD8-1E9EDE654EA6}.Debug|Any CPU.Build.0 = Debug|Any CPU
		{DFD68B27-5D89-499F-9AD8-1E9EDE654EA6}.Release|Any CPU.ActiveCfg = Release|Any CPU
		{DFD68B27-5D89-499F-9AD8-1E9EDE654EA6}.Release|Any CPU.Build.0 = Release|Any CPU
	EndGlobalSection
	GlobalSection(SolutionProperties) = preSolution
		HideSolutionNode = FALSE
	EndGlobalSection
	GlobalSection(ExtensibilityGlobals) = postSolution
		SolutionGuid = {94868E88-43BF-45C8-A763-4EAABE13E736}
	EndGlobalSection
	GlobalSection(MonoDevelopProperties) = preSolution
		Policies = $0
		$0.DotNetNamingPolicy = $1
		$1.DirectoryNamespaceAssociation = PrefixedHierarchical
	EndGlobalSection
EndGlobal
